
Microsoft Visual Studio Solution File, Format Version 12.00
# Visual Studio 2013
VisualStudioVersion = 12.0.31101.0
MinimumVisualStudioVersion = 10.0.40219.1
Project("{FAE04EC0-301F-11D3-BF4B-00C04F79EFBC}") = "ProductShop.Models", "ProductShop.Models\ProductShop.Models.csproj", "{11DDC764-F421-4EC2-AC45-00FDC918891B}"
EndProject
Project("{FAE04EC0-301F-11D3-BF4B-00C04F79EFBC}") = "ProductShop.Data", "ProductShop.Data\ProductShop.Data.csproj", "{DB03A84D-EF2A-4150-863E-7353E6211934}"
EndProject
Project("{FAE04EC0-301F-11D3-BF4B-00C04F79EFBC}") = "ProductShop.ConsoleClient", "ProductShop.ConsoleClient\ProductShop.ConsoleClient.csproj", "{329E3997-541A-4424-9881-477705C132EB}"
EndProject
Global
	GlobalSection(SolutionConfigurationPlatforms) = preSolution
		Debug|Any CPU = Debug|Any CPU
		Release|Any CPU = Release|Any CPU
	EndGlobalSection
	GlobalSection(ProjectConfigurationPlatforms) = postSolution
		{11DDC764-F421-4EC2-AC45-00FDC918891B}.Debug|Any CPU.ActiveCfg = Debug|Any CPU
		{11DDC764-F421-4EC2-AC45-00FDC918891B}.Debug|Any CPU.Build.0 = Debug|Any CPU
		{11DDC764-F421-4EC2-AC45-00FDC918891B}.Release|Any CPU.ActiveCfg = Release|Any CPU
		{11DDC764-F421-4EC2-AC45-00FDC918891B}.Release|Any CPU.Build.0 = Release|Any CPU
		{DB03A84D-EF2A-4150-863E-7353E6211934}.Debug|Any CPU.ActiveCfg = Debug|Any CPU
		{DB03A84D-EF2A-4150-863E-7353E6211934}.Debug|Any CPU.Build.0 = Debug|Any CPU
		{DB03A84D-EF2A-4150-863E-7353E6211934}.Release|Any CPU.ActiveCfg = Release|Any CPU
		{DB03A84D-EF2A-4150-863E-7353E6211934}.Release|Any CPU.Build.0 = Release|Any CPU
		{329E3997-541A-4424-9881-477705C132EB}.Debug|Any CPU.ActiveCfg = Debug|Any CPU
		{329E3997-541A-4424-9881-477705C132EB}.Debug|Any CPU.Build.0 = Debug|Any CPU
		{329E3997-541A-4424-9881-477705C132EB}.Release|Any CPU.ActiveCfg = Release|Any CPU
		{329E3997-541A-4424-9881-477705C132EB}.Release|Any CPU.Build.0 = Release|Any CPU
	EndGlobalSection
	GlobalSection(SolutionProperties) = preSolution
		HideSolutionNode = FALSE
	EndGlobalSection
EndGlobal
